
Microsoft Visual Studio Solution File, Format Version 12.00
# Visual Studio Version 16
VisualStudioVersion = 16.0.29409.12
MinimumVisualStudioVersion = 10.0.40219.1
Project("{FAE04EC0-301F-11D3-BF4B-00C04F79EFBC}") = "Envelopes", "Envelopes\Envelopes.csproj", "{1B647B4C-1A82-4C94-AFEA-8DED74821791}"
EndProject
Project("{FAE04EC0-301F-11D3-BF4B-00C04F79EFBC}") = "EnvelopesTests", "EnvelopesTests\EnvelopesTests.csproj", "{FA520954-5181-4310-A7BC-426B50113255}"
EndProject
Global
	GlobalSection(SolutionConfigurationPlatforms) = preSolution
		Debug|Any CPU = Debug|Any CPU
		Release|Any CPU = Release|Any CPU
	EndGlobalSection
	GlobalSection(ProjectConfigurationPlatforms) = postSolution
		{1B647B4C-1A82-4C94-AFEA-8DED74821791}.Debug|Any CPU.ActiveCfg = Debug|Any CPU
		{1B647B4C-1A82-4C94-AFEA-8DED74821791}.Debug|Any CPU.Build.0 = Debug|Any CPU
		{1B647B4C-1A82-4C94-AFEA-8DED74821791}.Release|Any CPU.ActiveCfg = Release|Any CPU
		{1B647B4C-1A82-4C94-AFEA-8DED74821791}.Release|Any CPU.Build.0 = Release|Any CPU
		{FA520954-5181-4310-A7BC-426B50113255}.Debug|Any CPU.ActiveCfg = Debug|Any CPU
		{FA520954-5181-4310-A7BC-426B50113255}.Debug|Any CPU.Build.0 = Debug|Any CPU
		{FA520954-5181-4310-A7BC-426B50113255}.Release|Any CPU.ActiveCfg = Release|Any CPU
		{FA520954-5181-4310-A7BC-426B50113255}.Release|Any CPU.Build.0 = Release|Any CPU
	EndGlobalSection
	GlobalSection(SolutionProperties) = preSolution
		HideSolutionNode = FALSE
	EndGlobalSection
	GlobalSection(ExtensibilityGlobals) = postSolution
		SolutionGuid = {9E251C47-6AC8-4C2C-94A4-F8CEF36CCBB4}
	EndGlobalSection
EndGlobal
